
Microsoft Visual Studio Solution File, Format Version 12.00
# Visual Studio Version 17
VisualStudioVersion = 17.0.31903.59
MinimumVisualStudioVersion = 10.0.40219.1
Project("{2150E333-8FDC-42A3-9474-1A3956D46DE8}") = "Library", "Library", "{2D68BC50-FFAB-4ABC-9D00-21CCB3F2C2AF}"
EndProject
Project("{FAE04EC0-301F-11D3-BF4B-00C04F79EFBC}") = "ShoKanri.Exception", "Library\ShoKanri.Exception\ShoKanri.Exception.csproj", "{387F3656-983B-4921-9B8F-F9FF9AED4639}"
EndProject
Project("{FAE04EC0-301F-11D3-BF4B-00C04F79EFBC}") = "ShoKanri.Http", "Library\ShoKanri.Http\ShoKanri.Http.csproj", "{6E5B6E20-96EE-477D-992A-F343A177CDBA}"
EndProject
Project("{2150E333-8FDC-42A3-9474-1A3956D46DE8}") = "Source", "Source", "{8F0DDAD3-5DAC-4884-8D96-3E6C4BFD840C}"
EndProject
Project("{2150E333-8FDC-42A3-9474-1A3956D46DE8}") = "Core", "Core", "{846D9E04-4C03-4F9A-A4BF-FB6D254506DE}"
EndProject
Project("{FAE04EC0-301F-11D3-BF4B-00C04F79EFBC}") = "ShoKanri.Application", "Source\Core\ShoKanri.Application\ShoKanri.Application.csproj", "{0992C6F6-24D7-4DC6-A818-5465F2F91B84}"
EndProject
Project("{FAE04EC0-301F-11D3-BF4B-00C04F79EFBC}") = "ShoKanri.Domain", "Source\Core\ShoKanri.Domain\ShoKanri.Domain.csproj", "{B215E621-CCAE-4F38-9031-AE663FD3184D}"
EndProject
Project("{2150E333-8FDC-42A3-9474-1A3956D46DE8}") = "Infrastructure", "Infrastructure", "{8E8E5584-9FB1-4C9F-A6DD-7804BFDA5A3C}"
EndProject
Project("{FAE04EC0-301F-11D3-BF4B-00C04F79EFBC}") = "ShoKanri.DAO", "Source\Infrastructure\ShoKanri.DAO\ShoKanri.DAO.csproj", "{0F940713-6155-47F7-889B-EA97622D0C5B}"
EndProject
Project("{2150E333-8FDC-42A3-9474-1A3956D46DE8}") = "Presenter", "Presenter", "{D916FF5F-74DE-44C2-BB99-70B4A9F2B1B6}"
EndProject
Project("{FAE04EC0-301F-11D3-BF4B-00C04F79EFBC}") = "ShoKanri.API", "Source\Presenter\ShoKanri.API\ShoKanri.API.csproj", "{07C857E4-F9FA-4502-95DB-48FA26C62909}"
EndProject
Global
	GlobalSection(SolutionConfigurationPlatforms) = preSolution
		Debug|Any CPU = Debug|Any CPU
		Release|Any CPU = Release|Any CPU
	EndGlobalSection
	GlobalSection(SolutionProperties) = preSolution
		HideSolutionNode = FALSE
	EndGlobalSection
	GlobalSection(ProjectConfigurationPlatforms) = postSolution
		{387F3656-983B-4921-9B8F-F9FF9AED4639}.Debug|Any CPU.ActiveCfg = Debug|Any CPU
		{387F3656-983B-4921-9B8F-F9FF9AED4639}.Debug|Any CPU.Build.0 = Debug|Any CPU
		{387F3656-983B-4921-9B8F-F9FF9AED4639}.Release|Any CPU.ActiveCfg = Release|Any CPU
		{387F3656-983B-4921-9B8F-F9FF9AED4639}.Release|Any CPU.Build.0 = Release|Any CPU
		{6E5B6E20-96EE-477D-992A-F343A177CDBA}.Debug|Any CPU.ActiveCfg = Debug|Any CPU
		{6E5B6E20-96EE-477D-992A-F343A177CDBA}.Debug|Any CPU.Build.0 = Debug|Any CPU
		{6E5B6E20-96EE-477D-992A-F343A177CDBA}.Release|Any CPU.ActiveCfg = Release|Any CPU
		{6E5B6E20-96EE-477D-992A-F343A177CDBA}.Release|Any CPU.Build.0 = Release|Any CPU
		{0992C6F6-24D7-4DC6-A818-5465F2F91B84}.Debug|Any CPU.ActiveCfg = Debug|Any CPU
		{0992C6F6-24D7-4DC6-A818-5465F2F91B84}.Debug|Any CPU.Build.0 = Debug|Any CPU
		{0992C6F6-24D7-4DC6-A818-5465F2F91B84}.Release|Any CPU.ActiveCfg = Release|Any CPU
		{0992C6F6-24D7-4DC6-A818-5465F2F91B84}.Release|Any CPU.Build.0 = Release|Any CPU
		{B215E621-CCAE-4F38-9031-AE663FD3184D}.Debug|Any CPU.ActiveCfg = Debug|Any CPU
		{B215E621-CCAE-4F38-9031-AE663FD3184D}.Debug|Any CPU.Build.0 = Debug|Any CPU
		{B215E621-CCAE-4F38-9031-AE663FD3184D}.Release|Any CPU.ActiveCfg = Release|Any CPU
		{B215E621-CCAE-4F38-9031-AE663FD3184D}.Release|Any CPU.Build.0 = Release|Any CPU
		{0F940713-6155-47F7-889B-EA97622D0C5B}.Debug|Any CPU.ActiveCfg = Debug|Any CPU
		{0F940713-6155-47F7-889B-EA97622D0C5B}.Debug|Any CPU.Build.0 = Debug|Any CPU
		{0F940713-6155-47F7-889B-EA97622D0C5B}.Release|Any CPU.ActiveCfg = Release|Any CPU
		{0F940713-6155-47F7-889B-EA97622D0C5B}.Release|Any CPU.Build.0 = Release|Any CPU
		{07C857E4-F9FA-4502-95DB-48FA26C62909}.Debug|Any CPU.ActiveCfg = Debug|Any CPU
		{07C857E4-F9FA-4502-95DB-48FA26C62909}.Debug|Any CPU.Build.0 = Debug|Any CPU
		{07C857E4-F9FA-4502-95DB-48FA26C62909}.Release|Any CPU.ActiveCfg = Release|Any CPU
		{07C857E4-F9FA-4502-95DB-48FA26C62909}.Release|Any CPU.Build.0 = Release|Any CPU
	EndGlobalSection
	GlobalSection(NestedProjects) = preSolution
		{387F3656-983B-4921-9B8F-F9FF9AED4639} = {2D68BC50-FFAB-4ABC-9D00-21CCB3F2C2AF}
		{6E5B6E20-96EE-477D-992A-F343A177CDBA} = {2D68BC50-FFAB-4ABC-9D00-21CCB3F2C2AF}
		{846D9E04-4C03-4F9A-A4BF-FB6D254506DE} = {8F0DDAD3-5DAC-4884-8D96-3E6C4BFD840C}
		{0992C6F6-24D7-4DC6-A818-5465F2F91B84} = {846D9E04-4C03-4F9A-A4BF-FB6D254506DE}
		{B215E621-CCAE-4F38-9031-AE663FD3184D} = {846D9E04-4C03-4F9A-A4BF-FB6D254506DE}
		{8E8E5584-9FB1-4C9F-A6DD-7804BFDA5A3C} = {8F0DDAD3-5DAC-4884-8D96-3E6C4BFD840C}
		{0F940713-6155-47F7-889B-EA97622D0C5B} = {8E8E5584-9FB1-4C9F-A6DD-7804BFDA5A3C}
		{D916FF5F-74DE-44C2-BB99-70B4A9F2B1B6} = {8F0DDAD3-5DAC-4884-8D96-3E6C4BFD840C}
		{07C857E4-F9FA-4502-95DB-48FA26C62909} = {D916FF5F-74DE-44C2-BB99-70B4A9F2B1B6}
	EndGlobalSection
EndGlobal
